
Microsoft Visual Studio Solution File, Format Version 12.00
# Visual Studio Version 17
VisualStudioVersion = 17.11.35327.3
MinimumVisualStudioVersion = 10.0.40219.1
Project("{FAE04EC0-301F-11D3-BF4B-00C04F79EFBC}") = "Lab2", "Lab2\Lab2.csproj", "{B997F8A3-EF16-4E76-A514-AAAC560F9DFF}"
EndProject
Global
	GlobalSection(SolutionConfigurationPlatforms) = preSolution
		Debug|Any CPU = Debug|Any CPU
		Release|Any CPU = Release|Any CPU
	EndGlobalSection
	GlobalSection(ProjectConfigurationPlatforms) = postSolution
		{B997F8A3-EF16-4E76-A514-AAAC560F9DFF}.Debug|Any CPU.ActiveCfg = Debug|Any CPU
		{B997F8A3-EF16-4E76-A514-AAAC560F9DFF}.Debug|Any CPU.Build.0 = Debug|Any CPU
		{B997F8A3-EF16-4E76-A514-AAAC560F9DFF}.Release|Any CPU.ActiveCfg = Release|Any CPU
		{B997F8A3-EF16-4E76-A514-AAAC560F9DFF}.Release|Any CPU.Build.0 = Release|Any CPU
	EndGlobalSection
	GlobalSection(SolutionProperties) = preSolution
		HideSolutionNode = FALSE
	EndGlobalSection
	GlobalSection(ExtensibilityGlobals) = postSolution
		SolutionGuid = {426E182E-4D73-4BAB-92B3-A23B8FE57CBF}
	EndGlobalSection
EndGlobal
